
Microsoft Visual Studio Solution File, Format Version 12.00
Project("{FAE04EC0-301F-11D3-BF4B-00C04F79EFBC}") = "DatenbankVerbindung", "DatenbankVerbindung\DatenbankVerbindung.csproj", "{6ABD76C2-52C3-4A1C-A845-289784E9607C}"
EndProject
Global
	GlobalSection(SolutionConfigurationPlatforms) = preSolution
		Debug|Any CPU = Debug|Any CPU
		Release|Any CPU = Release|Any CPU
	EndGlobalSection
	GlobalSection(ProjectConfigurationPlatforms) = postSolution
		{6ABD76C2-52C3-4A1C-A845-289784E9607C}.Debug|Any CPU.ActiveCfg = Debug|Any CPU
		{6ABD76C2-52C3-4A1C-A845-289784E9607C}.Debug|Any CPU.Build.0 = Debug|Any CPU
		{6ABD76C2-52C3-4A1C-A845-289784E9607C}.Release|Any CPU.ActiveCfg = Release|Any CPU
		{6ABD76C2-52C3-4A1C-A845-289784E9607C}.Release|Any CPU.Build.0 = Release|Any CPU
	EndGlobalSection
EndGlobal
